// !$*UTF8*$!
{
	archiveVersion = 1;
	classes = {
	};
	objectVersion = 56;
	objects = {

/* Begin PBXBuildFile section */
		813A635B29A76A1100875E36 /* MainViewController.swift in Sources */ = {isa = PBXBuildFile; fileRef = 813A635A29A76A1100875E36 /* MainViewController.swift */; };
		813A635E29A76AFD00875E36 /* MyTableViewCell.swift in Sources */ = {isa = PBXBuildFile; fileRef = 813A635C29A76AFD00875E36 /* MyTableViewCell.swift */; };
		813A635F29A76AFD00875E36 /* MyTableViewCell.xib in Resources */ = {isa = PBXBuildFile; fileRef = 813A635D29A76AFD00875E36 /* MyTableViewCell.xib */; };
		813CBC642989FACD00119FA5 /* AppDelegate.swift in Sources */ = {isa = PBXBuildFile; fileRef = 813CBC632989FACD00119FA5 /* AppDelegate.swift */; };
		813CBC662989FACD00119FA5 /* SceneDelegate.swift in Sources */ = {isa = PBXBuildFile; fileRef = 813CBC652989FACD00119FA5 /* SceneDelegate.swift */; };
		813CBC6B2989FACD00119FA5 /* Main.storyboard in Resources */ = {isa = PBXBuildFile; fileRef = 813CBC692989FACD00119FA5 /* Main.storyboard */; };
		813CBC6D2989FAD600119FA5 /* Assets.xcassets in Resources */ = {isa = PBXBuildFile; fileRef = 813CBC6C2989FAD600119FA5 /* Assets.xcassets */; };
		813CBC702989FAD600119FA5 /* LaunchScreen.storyboard in Resources */ = {isa = PBXBuildFile; fileRef = 813CBC6E2989FAD600119FA5 /* LaunchScreen.storyboard */; };
		81BFC33829A613D500CB824C /* Restaurant.swift in Sources */ = {isa = PBXBuildFile; fileRef = 81BFC33729A613D500CB824C /* Restaurant.swift */; };
		81D1EC7E29A75D0900C05C33 /* ViewController.swift in Sources */ = {isa = PBXBuildFile; fileRef = 81D1EC7D29A75D0900C05C33 /* ViewController.swift */; };
/* End PBXBuildFile section */

/* Begin PBXFileReference section */
		813A635A29A76A1100875E36 /* MainViewController.swift */ = {isa = PBXFileReference; lastKnownFileType = sourcecode.swift; path = MainViewController.swift; sourceTree = "<group>"; };
		813A635C29A76AFD00875E36 /* MyTableViewCell.swift */ = {isa = PBXFileReference; lastKnownFileType = sourcecode.swift; path = MyTableViewCell.swift; sourceTree = "<group>"; };
		813A635D29A76AFD00875E36 /* MyTableViewCell.xib */ = {isa = PBXFileReference; lastKnownFileType = file.xib; path = MyTableViewCell.xib; sourceTree = "<group>"; };
		813CBC602989FACD00119FA5 /* trial002.app */ = {isa = PBXFileReference; explicitFileType = wrapper.application; includeInIndex = 0; path = trial002.app; sourceTree = BUILT_PRODUCTS_DIR; };
		813CBC632989FACD00119FA5 /* AppDelegate.swift */ = {isa = PBXFileReference; lastKnownFileType = sourcecode.swift; path = AppDelegate.swift; sourceTree = "<group>"; };
		813CBC652989FACD00119FA5 /* SceneDelegate.swift */ = {isa = PBXFileReference; lastKnownFileType = sourcecode.swift; path = SceneDelegate.swift; sourceTree = "<group>"; };
		813CBC6A2989FACD00119FA5 /* Base */ = {isa = PBXFileReference; lastKnownFileType = file.storyboard; name = Base; path = Base.lproj/Main.storyboard; sourceTree = "<group>"; };
		813CBC6C2989FAD600119FA5 /* Assets.xcassets */ = {isa = PBXFileReference; lastKnownFileType = folder.assetcatalog; path = Assets.xcassets; sourceTree = "<group>"; };
		813CBC6F2989FAD600119FA5 /* Base */ = {isa = PBXFileReference; lastKnownFileType = file.storyboard; name = Base; path = Base.lproj/LaunchScreen.storyboard; sourceTree = "<group>"; };
		813CBC712989FAD600119FA5 /* Info.plist */ = {isa = PBXFileReference; lastKnownFileType = text.plist.xml; path = Info.plist; sourceTree = "<group>"; };
		81BFC33729A613D500CB824C /* Restaurant.swift */ = {isa = PBXFileReference; lastKnownFileType = sourcecode.swift; path = Restaurant.swift; sourceTree = "<group>"; };
		81D1EC7D29A75D0900C05C33 /* ViewController.swift */ = {isa = PBXFileReference; lastKnownFileType = sourcecode.swift; path = ViewController.swift; sourceTree = "<group>"; };
/* End PBXFileReference section */

/* Begin PBXFrameworksBuildPhase section */
		813CBC5D2989FACC00119FA5 /* Frameworks */ = {
			isa = PBXFrameworksBuildPhase;
			buildActionMask = 2147483647;
			files = (
			);
			runOnlyForDeploymentPostprocessing = 0;
		};
/* End PBXFrameworksBuildPhase section */

/* Begin PBXGroup section */
		813CBC572989FACC00119FA5 = {
			isa = PBXGroup;
			children = (
				813CBC622989FACD00119FA5 /* trial002 */,
				813CBC612989FACD00119FA5 /* Products */,
			);
			sourceTree = "<group>";
		};
		813CBC612989FACD00119FA5 /* Products */ = {
			isa = PBXGroup;
			children = (
				813CBC602989FACD00119FA5 /* trial002.app */,
			);
			name = Products;
			sourceTree = "<group>";
		};
		813CBC622989FACD00119FA5 /* trial002 */ = {
			isa = PBXGroup;
			children = (
				813CBC632989FACD00119FA5 /* AppDelegate.swift */,
				813CBC652989FACD00119FA5 /* SceneDelegate.swift */,
				813CBC692989FACD00119FA5 /* Main.storyboard */,
				813CBC6C2989FAD600119FA5 /* Assets.xcassets */,
				813CBC6E2989FAD600119FA5 /* LaunchScreen.storyboard */,
				813CBC712989FAD600119FA5 /* Info.plist */,
				81BFC33729A613D500CB824C /* Restaurant.swift */,
				81D1EC7D29A75D0900C05C33 /* ViewController.swift */,
				813A635A29A76A1100875E36 /* MainViewController.swift */,
				813A635C29A76AFD00875E36 /* MyTableViewCell.swift */,
				813A635D29A76AFD00875E36 /* MyTableViewCell.xib */,
			);
			path = trial002;
			sourceTree = "<group>";
		};
/* End PBXGroup section */

/* Begin PBXNativeTarget section */
		813CBC5F2989FACC00119FA5 /* trial002 */ = {
			isa = PBXNativeTarget;
			buildConfigurationList = 813CBC742989FAD600119FA5 /* Build configuration list for PBXNativeTarget "trial002" */;
			buildPhases = (
				813CBC5C2989FACC00119FA5 /* Sources */,
				813CBC5D2989FACC00119FA5 /* Frameworks */,
				813CBC5E2989FACC00119FA5 /* Resources */,
			);
			buildRules = (
			);
			dependencies = (
			);
			name = trial002;
			productName = trial002;
			productReference = 813CBC602989FACD00119FA5 /* trial002.app */;
			productType = "com.apple.product-type.application";
		};
/* End PBXNativeTarget section */

/* Begin PBXProject section */
		813CBC582989FACC00119FA5 /* Project object */ = {
			isa = PBXProject;
			attributes = {
				BuildIndependentTargetsInParallel = 1;
				LastSwiftUpdateCheck = 1420;
				LastUpgradeCheck = 1420;
				TargetAttributes = {
					813CBC5F2989FACC00119FA5 = {
						CreatedOnToolsVersion = 14.2;
					};
				};
			};
			buildConfigurationList = 813CBC5B2989FACC00119FA5 /* Build configuration list for PBXProject "trial002" */;
			compatibilityVersion = "Xcode 14.0";
			developmentRegion = en;
			hasScannedForEncodings = 0;
			knownRegions = (
				en,
				Base,
			);
			mainGroup = 813CBC572989FACC00119FA5;
			productRefGroup = 813CBC612989FACD00119FA5 /* Products */;
			projectDirPath = "";
			projectRoot = "";
			targets = (
				813CBC5F2989FACC00119FA5 /* trial002 */,
			);
		};
/* End PBXProject section */

/* Begin PBXResourcesBuildPhase section */
		813CBC5E2989FACC00119FA5 /* Resources */ = {
			isa = PBXResourcesBuildPhase;
			buildActionMask = 2147483647;
			files = (
				813CBC702989FAD600119FA5 /* LaunchScreen.storyboard in Resources */,
				813A635F29A76AFD00875E36 /* MyTableViewCell.xib in Resources */,
				813CBC6D2989FAD600119FA5 /* Assets.xcassets in Resources */,
				813CBC6B2989FACD00119FA5 /* Main.storyboard in Resources */,
			);
			runOnlyForDeploymentPostprocessing = 0;
		};
/* End PBXResourcesBuildPhase section */

/* Begin PBXSourcesBuildPhase section */
		813CBC5C2989FACC00119FA5 /* Sources */ = {
			isa = PBXSourcesBuildPhase;
			buildActionMask = 2147483647;
			files = (
				813A635B29A76A1100875E36 /* MainViewController.swift in Sources */,
				813A635E29A76AFD00875E36 /* MyTableViewCell.swift in Sources */,
				81D1EC7E29A75D0900C05C33 /* ViewController.swift in Sources */,
				81BFC33829A613D500CB824C /* Restaurant.swift in Sources */,
				813CBC642989FACD00119FA5 /* AppDelegate.swift in Sources */,
				813CBC662989FACD00119FA5 /* SceneDelegate.swift in Sources */,
			);
			runOnlyForDeploymentPostprocessing = 0;
		};
/* End PBXSourcesBuildPhase section */

/* Begin PBXVariantGroup section */
		813CBC692989FACD00119FA5 /* Main.storyboard */ = {
			isa = PBXVariantGroup;
			children = (
				813CBC6A2989FACD00119FA5 /* Base */,
			);
			name = Main.storyboard;
			sourceTree = "<group>";
		};
		813CBC6E2989FAD600119FA5 /* LaunchScreen.storyboard */ = {
			isa = PBXVariantGroup;
			children = (
				813CBC6F2989FAD600119FA5 /* Base */,
			);
			name = LaunchScreen.storyboard;
			sourceTree = "<group>";
		};
/* End PBXVariantGroup section */

/* Begin XCBuildConfiguration section */
		813CBC722989FAD600119FA5 /* Debug */ = {
			isa = XCBuildConfiguration;
			buildSettings = {
				ALWAYS_SEARCH_USER_PATHS = NO;
				CLANG_ANALYZER_NONNULL = YES;
				CLANG_ANALYZER_NUMBER_OBJECT_CONVERSION = YES_AGGRESSIVE;
				CLANG_CXX_LANGUAGE_STANDARD = "gnu++20";
				CLANG_ENABLE_MODULES = YES;
				CLANG_ENABLE_OBJC_ARC = YES;
				CLANG_ENABLE_OBJC_WEAK = YES;
				CLANG_WARN_BLOCK_CAPTURE_AUTORELEASING = YES;
				CLANG_WARN_BOOL_CONVERSION = YES;
				CLANG_WARN_COMMA = YES;
				CLANG_WARN_CONSTANT_CONVERSION = YES;
				CLANG_WARN_DEPRECATED_OBJC_IMPLEMENTATIONS = YES;
				CLANG_WARN_DIRECT_OBJC_ISA_USAGE = YES_ERROR;
				CLANG_WARN_DOCUMENTATION_COMMENTS = YES;
				CLANG_WARN_EMPTY_BODY = YES;
				CLANG_WARN_ENUM_CONVERSION = YES;
				CLANG_WARN_INFINITE_RECURSION = YES;
				CLANG_WARN_INT_CONVERSION = YES;
				CLANG_WARN_NON_LITERAL_NULL_CONVERSION = YES;
				CLANG_WARN_OBJC_IMPLICIT_RETAIN_SELF = YES;
				CLANG_WARN_OBJC_LITERAL_CONVERSION = YES;
				CLANG_WARN_OBJC_ROOT_CLASS = YES_ERROR;
				CLANG_WARN_QUOTED_INCLUDE_IN_FRAMEWORK_HEADER = YES;
				CLANG_WARN_RANGE_LOOP_ANALYSIS = YES;
				CLANG_WARN_STRICT_PROTOTYPES = YES;
				CLANG_WARN_SUSPICIOUS_MOVE = YES;
				CLANG_WARN_UNGUARDED_AVAILABILITY = YES_AGGRESSIVE;
				CLANG_WARN_UNREACHABLE_CODE = YES;
				CLANG_WARN__DUPLICATE_METHOD_MATCH = YES;
				COPY_PHASE_STRIP = NO;
				DEBUG_INFORMATION_FORMAT = dwarf;
				ENABLE_STRICT_OBJC_MSGSEND = YES;
				ENABLE_TESTABILITY = YES;
				GCC_C_LANGUAGE_STANDARD = gnu11;
				GCC_DYNAMIC_NO_PIC = NO;
				GCC_NO_COMMON_BLOCKS = YES;
				GCC_OPTIMIZATION_LEVEL = 0;
				GCC_PREPROCESSOR_DEFINITIONS = (
					"DEBUG=1",
					"$(inherited)",
				);
				GCC_WARN_64_TO_32_BIT_CONVERSION = YES;
				GCC_WARN_ABOUT_RETURN_TYPE = YES_ERROR;
				GCC_WARN_UNDECLARED_SELECTOR = YES;
				GCC_WARN_UNINITIALIZED_AUTOS = YES_AGGRESSIVE;
				GCC_WARN_UNUSED_FUNCTION = YES;
				GCC_WARN_UNUSED_VARIABLE = YES;
				IPHONEOS_DEPLOYMENT_TARGET = 16.2;
				MTL_ENABLE_DEBUG_INFO = INCLUDE_SOURCE;
				MTL_FAST_MATH = YES;
				ONLY_ACTIVE_ARCH = YES;
				SDKROOT = iphoneos;
				SWIFT_ACTIVE_COMPILATION_CONDITIONS = DEBUG;
				SWIFT_OPTIMIZATION_LEVEL = "-Onone";
			};
			name = Debug;
		};
		813CBC732989FAD600119FA5 /* Release */ = {
			isa = XCBuildConfiguration;
			buildSettings = {
				ALWAYS_SEARCH_USER_PATHS = NO;
				CLANG_ANALYZER_NONNULL = YES;
				CLANG_ANALYZER_NUMBER_OBJECT_CONVERSION = YES_AGGRESSIVE;
				CLANG_CXX_LANGUAGE_STANDARD = "gnu++20";
				CLANG_ENABLE_MODULES = YES;
				CLANG_ENABLE_OBJC_ARC = YES;
				CLANG_ENABLE_OBJC_WEAK = YES;
				CLANG_WARN_BLOCK_CAPTURE_AUTORELEASING = YES;
				CLANG_WARN_BOOL_CONVERSION = YES;
				CLANG_WARN_COMMA = YES;
				CLANG_WARN_CONSTANT_CONVERSION = YES;
				CLANG_WARN_DEPRECATED_OBJC_IMPLEMENTATIONS = YES;
				CLANG_WARN_DIRECT_OBJC_ISA_USAGE = YES_ERROR;
				CLANG_WARN_DOCUMENTATION_COMMENTS = YES;
				CLANG_WARN_EMPTY_BODY = YES;
				CLANG_WARN_ENUM_CONVERSION = YES;
				CLANG_WARN_INFINITE_RECURSION = YES;
				CLANG_WARN_INT_CONVERSION = YES;
				CLANG_WARN_NON_LITERAL_NULL_CONVERSION = YES;
				CLANG_WARN_OBJC_IMPLICIT_RETAIN_SELF = YES;
				CLANG_WARN_OBJC_LITERAL_CONVERSION = YES;
				CLANG_WARN_OBJC_ROOT_CLASS = YES_ERROR;
				CLANG_WARN_QUOTED_INCLUDE_IN_FRAMEWORK_HEADER = YES;
				CLANG_WARN_RANGE_LOOP_ANALYSIS = YES;
				CLANG_WARN_STRICT_PROTOTYPES = YES;
				CLANG_WARN_SUSPICIOUS_MOVE = YES;
				CLANG_WARN_UNGUARDED_AVAILABILITY = YES_AGGRESSIVE;
				CLANG_WARN_UNREACHABLE_CODE = YES;
				CLANG_WARN__DUPLICATE_METHOD_MATCH = YES;
				COPY_PHASE_STRIP = NO;
				DEBUG_INFORMATION_FORMAT = "dwarf-with-dsym";
				ENABLE_NS_ASSERTIONS = NO;
				ENABLE_STRICT_OBJC_MSGSEND = YES;
				GCC_C_LANGUAGE_STANDARD = gnu11;
				GCC_NO_COMMON_BLOCKS = YES;
				GCC_WARN_64_TO_32_BIT_CONVERSION = YES;
				GCC_WARN_ABOUT_RETURN_TYPE = YES_ERROR;
				GCC_WARN_UNDECLARED_SELECTOR = YES;
				GCC_WARN_UNINITIALIZED_AUTOS = YES_AGGRESSIVE;
				GCC_WARN_UNUSED_FUNCTION = YES;
				GCC_WARN_UNUSED_VARIABLE = YES;
				IPHONEOS_DEPLOYMENT_TARGET = 16.2;
				MTL_ENABLE_DEBUG_INFO = NO;
				MTL_FAST_MATH = YES;
				SDKROOT = iphoneos;
				SWIFT_COMPILATION_MODE = wholemodule;
				SWIFT_OPTIMIZATION_LEVEL = "-O";
				VALIDATE_PRODUCT = YES;
			};
			name = Release;
		};
		813CBC752989FAD600119FA5 /* Debug */ = {
			isa = XCBuildConfiguration;
			buildSettings = {
				ASSETCATALOG_COMPILER_APPICON_NAME = AppIcon;
				ASSETCATALOG_COMPILER_GLOBAL_ACCENT_COLOR_NAME = AccentColor;
				ASSETCATALOG_COMPILER_INCLUDE_ALL_APPICON_ASSETS = YES;
				CODE_SIGN_STYLE = Automatic;
				CURRENT_PROJECT_VERSION = 1;
				DEVELOPMENT_TEAM = JG36H5D87Q;
				GENERATE_INFOPLIST_FILE = YES;
				INFOPLIST_FILE = trial002/Info.plist;
				INFOPLIST_KEY_UIApplicationSupportsIndirectInputEvents = YES;
				INFOPLIST_KEY_UILaunchStoryboardName = LaunchScreen;
				INFOPLIST_KEY_UIMainStoryboardFile = Main;
				INFOPLIST_KEY_UIStatusBarStyle = "";
				INFOPLIST_KEY_UISupportedInterfaceOrientations_iPad = "UIInterfaceOrientationPortrait UIInterfaceOrientationPortraitUpsideDown UIInterfaceOrientationLandscapeLeft UIInterfaceOrientationLandscapeRight";
				INFOPLIST_KEY_UISupportedInterfaceOrientations_iPhone = "UIInterfaceOrientationPortrait UIInterfaceOrientationLandscapeLeft UIInterfaceOrientationLandscapeRight";
				IPHONEOS_DEPLOYMENT_TARGET = 13.0;
				LD_RUNPATH_SEARCH_PATHS = (
					"$(inherited)",
					"@executable_path/Frameworks",
				);
				MARKETING_VERSION = 1.0;
				PRODUCT_BUNDLE_IDENTIFIER = com.trial002;
				PRODUCT_NAME = "$(TARGET_NAME)";
				SWIFT_EMIT_LOC_STRINGS = YES;
				SWIFT_VERSION = 5.0;
				TARGETED_DEVICE_FAMILY = "1,2";
			};
			name = Debug;
		};
		813CBC762989FAD600119FA5 /* Release */ = {
			isa = XCBuildConfiguration;
			buildSettings = {
				ASSETCATALOG_COMPILER_APPICON_NAME = AppIcon;
				ASSETCATALOG_COMPILER_GLOBAL_ACCENT_COLOR_NAME = AccentColor;
				ASSETCATALOG_COMPILER_INCLUDE_ALL_APPICON_ASSETS = YES;
				CODE_SIGN_STYLE = Automatic;
				CURRENT_PROJECT_VERSION = 1;
				DEVELOPMENT_TEAM = JG36H5D87Q;
				GENERATE_INFOPLIST_FILE = YES;
				INFOPLIST_FILE = trial002/Info.plist;
				INFOPLIST_KEY_UIApplicationSupportsIndirectInputEvents = YES;
				INFOPLIST_KEY_UILaunchStoryboardName = LaunchScreen;
				INFOPLIST_KEY_UIMainStoryboardFile = Main;
				INFOPLIST_KEY_UIStatusBarStyle = "";
				INFOPLIST_KEY_UISupportedInterfaceOrientations_iPad = "UIInterfaceOrientationPortrait UIInterfaceOrientationPortraitUpsideDown UIInterfaceOrientationLandscapeLeft UIInterfaceOrientationLandscapeRight";
				INFOPLIST_KEY_UISupportedInterfaceOrientations_iPhone = "UIInterfaceOrientationPortrait UIInterfaceOrientationLandscapeLeft UIInterfaceOrientationLandscapeRight";
				IPHONEOS_DEPLOYMENT_TARGET = 13.0;
				LD_RUNPATH_SEARCH_PATHS = (
					"$(inherited)",
					"@executable_path/Frameworks",
				);
				MARKETING_VERSION = 1.0;
				PRODUCT_BUNDLE_IDENTIFIER = com.trial002;
				PRODUCT_NAME = "$(TARGET_NAME)";
				SWIFT_EMIT_LOC_STRINGS = YES;
				SWIFT_VERSION = 5.0;
				TARGETED_DEVICE_FAMILY = "1,2";
			};
			name = Release;
		};
/* End XCBuildConfiguration section */

/* Begin XCConfigurationList section */
		813CBC5B2989FACC00119FA5 /* Build configuration list for PBXProject "trial002" */ = {
			isa = XCConfigurationList;
			buildConfigurations = (
				813CBC722989FAD600119FA5 /* Debug */,
				813CBC732989FAD600119FA5 /* Release */,
			);
			defaultConfigurationIsVisible = 0;
			defaultConfigurationName = Release;
		};
		813CBC742989FAD600119FA5 /* Build configuration list for PBXNativeTarget "trial002" */ = {
			isa = XCConfigurationList;
			buildConfigurations = (
				813CBC752989FAD600119FA5 /* Debug */,
				813CBC762989FAD600119FA5 /* Release */,
			);
			defaultConfigurationIsVisible = 0;
			defaultConfigurationName = Release;
		};
/* End XCConfigurationList section */
	};
	rootObject = 813CBC582989FACC00119FA5 /* Project object */;
}
